
Microsoft Visual Studio Solution File, Format Version 12.00
# Visual Studio 15
VisualStudioVersion = 15.0.27004.2002
MinimumVisualStudioVersion = 10.0.40219.1
Project("{FAE04EC0-301F-11D3-BF4B-00C04F79EFBC}") = "pwg.console", "pwg.console\pwg.console.csproj", "{B3C13D2A-CA04-4D46-B0DB-76F379D61283}"
EndProject
Global
	GlobalSection(SolutionConfigurationPlatforms) = preSolution
		Debug|Any CPU = Debug|Any CPU
		Release|Any CPU = Release|Any CPU
	EndGlobalSection
	GlobalSection(ProjectConfigurationPlatforms) = postSolution
		{B3C13D2A-CA04-4D46-B0DB-76F379D61283}.Debug|Any CPU.ActiveCfg = Debug|Any CPU
		{B3C13D2A-CA04-4D46-B0DB-76F379D61283}.Debug|Any CPU.Build.0 = Debug|Any CPU
		{B3C13D2A-CA04-4D46-B0DB-76F379D61283}.Release|Any CPU.ActiveCfg = Release|Any CPU
		{B3C13D2A-CA04-4D46-B0DB-76F379D61283}.Release|Any CPU.Build.0 = Release|Any CPU
	EndGlobalSection
	GlobalSection(SolutionProperties) = preSolution
		HideSolutionNode = FALSE
	EndGlobalSection
	GlobalSection(ExtensibilityGlobals) = postSolution
		SolutionGuid = {AF0D114F-24F6-44DD-9E1F-6DBDE756F091}
	EndGlobalSection
EndGlobal
